
Microsoft Visual Studio Solution File, Format Version 12.00
# Visual Studio Version 16
VisualStudioVersion = 16.0.31624.102
MinimumVisualStudioVersion = 10.0.40219.1
Project("{FAE04EC0-301F-11D3-BF4B-00C04F79EFBC}") = "pr_web_umg_2021", "pr_web_umg_2021\pr_web_umg_2021.csproj", "{BEE08EB6-7FA8-432F-8630-920243D12553}"
EndProject
Global
	GlobalSection(SolutionConfigurationPlatforms) = preSolution
		Debug|Any CPU = Debug|Any CPU
		Release|Any CPU = Release|Any CPU
	EndGlobalSection
	GlobalSection(ProjectConfigurationPlatforms) = postSolution
		{BEE08EB6-7FA8-432F-8630-920243D12553}.Debug|Any CPU.ActiveCfg = Debug|Any CPU
		{BEE08EB6-7FA8-432F-8630-920243D12553}.Debug|Any CPU.Build.0 = Debug|Any CPU
		{BEE08EB6-7FA8-432F-8630-920243D12553}.Release|Any CPU.ActiveCfg = Release|Any CPU
		{BEE08EB6-7FA8-432F-8630-920243D12553}.Release|Any CPU.Build.0 = Release|Any CPU
	EndGlobalSection
	GlobalSection(SolutionProperties) = preSolution
		HideSolutionNode = FALSE
	EndGlobalSection
	GlobalSection(ExtensibilityGlobals) = postSolution
		SolutionGuid = {EEF5441E-F51A-4D77-9497-659D08334DCB}
	EndGlobalSection
EndGlobal
